
Microsoft Visual Studio Solution File, Format Version 12.00
# Visual Studio Version 17
VisualStudioVersion = 17.9.34723.18
MinimumVisualStudioVersion = 10.0.40219.1
Project("{2150E333-8FDC-42A3-9474-1A3956D46DE8}") = "FrontEnd", "FrontEnd", "{3B2E6DC0-149D-4C22-8680-BB6E864C5044}"
EndProject
Project("{2150E333-8FDC-42A3-9474-1A3956D46DE8}") = "Services", "Services", "{B2B9B5D7-DFA7-4AAE-A40F-1A8AF84975C4}"
EndProject
Project("{9A19103F-16F7-4668-BE54-9A1E7A4F7556}") = "Mango.Web", "Mango.Web\Mango.Web.csproj", "{80C72814-6133-4621-8D5E-46023C8A6CF8}"
EndProject
Project("{9A19103F-16F7-4668-BE54-9A1E7A4F7556}") = "Mango.Sevices.ProductAPI", "Mango.Sevices.ProductAPI\Mango.Sevices.ProductAPI.csproj", "{61673E6A-9C4B-4CE7-BC56-AF2B7ED28AAD}"
EndProject
Project("{FAE04EC0-301F-11D3-BF4B-00C04F79EFBC}") = "Mango.Services.Identity", "Mango.Services.Identity\Mango.Services.Identity.csproj", "{5C8987D4-CCD8-4E6F-9757-C370FBEDEBF6}"
EndProject
Global
	GlobalSection(SolutionConfigurationPlatforms) = preSolution
		Debug|Any CPU = Debug|Any CPU
		Release|Any CPU = Release|Any CPU
	EndGlobalSection
	GlobalSection(ProjectConfigurationPlatforms) = postSolution
		{80C72814-6133-4621-8D5E-46023C8A6CF8}.Debug|Any CPU.ActiveCfg = Debug|Any CPU
		{80C72814-6133-4621-8D5E-46023C8A6CF8}.Debug|Any CPU.Build.0 = Debug|Any CPU
		{80C72814-6133-4621-8D5E-46023C8A6CF8}.Release|Any CPU.ActiveCfg = Release|Any CPU
		{80C72814-6133-4621-8D5E-46023C8A6CF8}.Release|Any CPU.Build.0 = Release|Any CPU
		{61673E6A-9C4B-4CE7-BC56-AF2B7ED28AAD}.Debug|Any CPU.ActiveCfg = Debug|Any CPU
		{61673E6A-9C4B-4CE7-BC56-AF2B7ED28AAD}.Debug|Any CPU.Build.0 = Debug|Any CPU
		{61673E6A-9C4B-4CE7-BC56-AF2B7ED28AAD}.Release|Any CPU.ActiveCfg = Release|Any CPU
		{61673E6A-9C4B-4CE7-BC56-AF2B7ED28AAD}.Release|Any CPU.Build.0 = Release|Any CPU
		{5C8987D4-CCD8-4E6F-9757-C370FBEDEBF6}.Debug|Any CPU.ActiveCfg = Debug|Any CPU
		{5C8987D4-CCD8-4E6F-9757-C370FBEDEBF6}.Debug|Any CPU.Build.0 = Debug|Any CPU
		{5C8987D4-CCD8-4E6F-9757-C370FBEDEBF6}.Release|Any CPU.ActiveCfg = Release|Any CPU
		{5C8987D4-CCD8-4E6F-9757-C370FBEDEBF6}.Release|Any CPU.Build.0 = Release|Any CPU
	EndGlobalSection
	GlobalSection(SolutionProperties) = preSolution
		HideSolutionNode = FALSE
	EndGlobalSection
	GlobalSection(NestedProjects) = preSolution
		{80C72814-6133-4621-8D5E-46023C8A6CF8} = {3B2E6DC0-149D-4C22-8680-BB6E864C5044}
		{61673E6A-9C4B-4CE7-BC56-AF2B7ED28AAD} = {B2B9B5D7-DFA7-4AAE-A40F-1A8AF84975C4}
		{5C8987D4-CCD8-4E6F-9757-C370FBEDEBF6} = {B2B9B5D7-DFA7-4AAE-A40F-1A8AF84975C4}
	EndGlobalSection
	GlobalSection(ExtensibilityGlobals) = postSolution
		SolutionGuid = {1C20FB48-B52F-4751-906B-59E70CB11655}
	EndGlobalSection
EndGlobal
